
Microsoft Visual Studio Solution File, Format Version 12.00
# Visual Studio Version 17
VisualStudioVersion = 17.9.34723.18
MinimumVisualStudioVersion = 10.0.40219.1
Project("{888888A0-9F3D-457C-B088-3A5042F75D52}") = "oop_1", "oop_1\oop_1.pyproj", "{75D19075-B045-4E9D-AA4F-8DBCB681AFE4}"
EndProject
Global
	GlobalSection(SolutionConfigurationPlatforms) = preSolution
		Debug|Any CPU = Debug|Any CPU
		Release|Any CPU = Release|Any CPU
	EndGlobalSection
	GlobalSection(ProjectConfigurationPlatforms) = postSolution
		{75D19075-B045-4E9D-AA4F-8DBCB681AFE4}.Debug|Any CPU.ActiveCfg = Debug|Any CPU
		{75D19075-B045-4E9D-AA4F-8DBCB681AFE4}.Release|Any CPU.ActiveCfg = Release|Any CPU
	EndGlobalSection
	GlobalSection(SolutionProperties) = preSolution
		HideSolutionNode = FALSE
	EndGlobalSection
	GlobalSection(ExtensibilityGlobals) = postSolution
		SolutionGuid = {01C088FE-45D8-412E-AC0C-B85883F9DBDB}
	EndGlobalSection
EndGlobal
